{
  "name": "geme-build-public",
  "version": "0.0.1",
  "lockfileVersion": 3,
  "requires": true,
  "packages": {
    "": {
      "name": "geme-build-public",
      "version": "0.0.1",
      "license": "MIT",
      "engines": {
        "node": ">=18.16.1"
      }
    },
    "packages/eslint-config-custom": {
      "version": "0.0.0",
      "extraneous": true,
      "license": "MIT",
      "devDependencies": {
        "@vercel/style-guide": "^5.0.0",
        "eslint-config-turbo": "^1.10.12",
        "eslint-plugin-mdx": "^2.2.0",
        "eslint-plugin-storybook": "^0.6.13",
        "typescript": "5.2.2"
      }
    }
  }
}
